
Microsoft Visual Studio Solution File, Format Version 12.00
# Visual Studio 15
VisualStudioVersion = 15.0.28307.329
MinimumVisualStudioVersion = 10.0.40219.1
Project("{9A19103F-16F7-4668-BE54-9A1E7A4F7556}") = "EmployeeForum", "EmployeeForum\EmployeeForum.csproj", "{4ADF7329-3D8E-4922-B4B6-DDE2810B1B49}"
EndProject
Project("{FAE04EC0-301F-11D3-BF4B-00C04F79EFBC}") = "EmployeeForum.Tests", "EmployeeForum.Tests\EmployeeForum.Tests.csproj", "{47D628CE-5FC9-4F5C-B5AB-1EA287719480}"
EndProject
Global
	GlobalSection(SolutionConfigurationPlatforms) = preSolution
		Debug|Any CPU = Debug|Any CPU
		Release|Any CPU = Release|Any CPU
	EndGlobalSection
	GlobalSection(ProjectConfigurationPlatforms) = postSolution
		{4ADF7329-3D8E-4922-B4B6-DDE2810B1B49}.Debug|Any CPU.ActiveCfg = Debug|Any CPU
		{4ADF7329-3D8E-4922-B4B6-DDE2810B1B49}.Debug|Any CPU.Build.0 = Debug|Any CPU
		{4ADF7329-3D8E-4922-B4B6-DDE2810B1B49}.Release|Any CPU.ActiveCfg = Release|Any CPU
		{4ADF7329-3D8E-4922-B4B6-DDE2810B1B49}.Release|Any CPU.Build.0 = Release|Any CPU
		{47D628CE-5FC9-4F5C-B5AB-1EA287719480}.Debug|Any CPU.ActiveCfg = Debug|Any CPU
		{47D628CE-5FC9-4F5C-B5AB-1EA287719480}.Debug|Any CPU.Build.0 = Debug|Any CPU
		{47D628CE-5FC9-4F5C-B5AB-1EA287719480}.Release|Any CPU.ActiveCfg = Release|Any CPU
		{47D628CE-5FC9-4F5C-B5AB-1EA287719480}.Release|Any CPU.Build.0 = Release|Any CPU
	EndGlobalSection
	GlobalSection(SolutionProperties) = preSolution
		HideSolutionNode = FALSE
	EndGlobalSection
	GlobalSection(ExtensibilityGlobals) = postSolution
		SolutionGuid = {900FFE41-1E6C-4434-9536-7FFF3A7FEAAB}
	EndGlobalSection
EndGlobal
